
Microsoft Visual Studio Solution File, Format Version 12.00
# Visual Studio Version 16
VisualStudioVersion = 16.0.30621.155
MinimumVisualStudioVersion = 10.0.40219.1
Project("{8BC9CEB8-8B4A-11D0-8D11-00A0C91BC942}") = "GramatykaBezkontekstowa", "GramatykaBezkontekstowa\GramatykaBezkontekstowa.vcxproj", "{2C1B29B3-5349-41DF-86E8-7F319AB48338}"
EndProject
Global
	GlobalSection(SolutionConfigurationPlatforms) = preSolution
		Debug|x64 = Debug|x64
		Debug|x86 = Debug|x86
		Release|x64 = Release|x64
		Release|x86 = Release|x86
	EndGlobalSection
	GlobalSection(ProjectConfigurationPlatforms) = postSolution
		{2C1B29B3-5349-41DF-86E8-7F319AB48338}.Debug|x64.ActiveCfg = Debug|x64
		{2C1B29B3-5349-41DF-86E8-7F319AB48338}.Debug|x64.Build.0 = Debug|x64
		{2C1B29B3-5349-41DF-86E8-7F319AB48338}.Debug|x86.ActiveCfg = Debug|Win32
		{2C1B29B3-5349-41DF-86E8-7F319AB48338}.Debug|x86.Build.0 = Debug|Win32
		{2C1B29B3-5349-41DF-86E8-7F319AB48338}.Release|x64.ActiveCfg = Release|x64
		{2C1B29B3-5349-41DF-86E8-7F319AB48338}.Release|x64.Build.0 = Release|x64
		{2C1B29B3-5349-41DF-86E8-7F319AB48338}.Release|x86.ActiveCfg = Release|Win32
		{2C1B29B3-5349-41DF-86E8-7F319AB48338}.Release|x86.Build.0 = Release|Win32
	EndGlobalSection
	GlobalSection(SolutionProperties) = preSolution
		HideSolutionNode = FALSE
	EndGlobalSection
	GlobalSection(ExtensibilityGlobals) = postSolution
		SolutionGuid = {5DA261CE-73CE-4118-85CD-93D7E4AA982E}
	EndGlobalSection
EndGlobal
